
Microsoft Visual Studio Solution File, Format Version 12.00
# Visual Studio 14
VisualStudioVersion = 14.0.25420.1
MinimumVisualStudioVersion = 10.0.40219.1
Project("{FAE04EC0-301F-11D3-BF4B-00C04F79EFBC}") = "Application.Web", "Application\Application.Web.csproj", "{23C2AE1C-78C1-43DC-BBFA-6CA90B8C9619}"
EndProject
Project("{FAE04EC0-301F-11D3-BF4B-00C04F79EFBC}") = "DataAccess.EF.Infrastructure", "DataAccess.EF.Infrastructure\DataAccess.EF.Infrastructure.csproj", "{096B6C5B-75A6-4BAC-9703-89EFC50EA3D9}"
EndProject
Project("{00D1A9C2-B5F0-4AF3-8072-F6C62B433612}") = "Database", "Database\Database.sqlproj", "{C0D56BB2-3C63-4AB2-BE9F-3023A9F89E73}"
EndProject
Project("{2150E333-8FDC-42A3-9474-1A3956D46DE8}") = "DataAccess", "DataAccess", "{0BD1E69D-3CC0-4401-8565-6362F037314E}"
EndProject
Project("{2150E333-8FDC-42A3-9474-1A3956D46DE8}") = "Application", "Application", "{37FEA09F-6DDA-4D90-A8CD-6353C6BB8C57}"
EndProject
Project("{2150E333-8FDC-42A3-9474-1A3956D46DE8}") = "Domain", "Domain", "{145FFACA-89F3-4CDC-A5CA-23C1364B52C6}"
EndProject
Project("{2150E333-8FDC-42A3-9474-1A3956D46DE8}") = "Tests", "Tests", "{F210C0E4-4C1D-473A-A32B-2012D76912D6}"
EndProject
Project("{2150E333-8FDC-42A3-9474-1A3956D46DE8}") = "Application", "Application", "{0263E9AB-F7C7-4043-80FB-CC385E304EF8}"
EndProject
Project("{2150E333-8FDC-42A3-9474-1A3956D46DE8}") = "Domain", "Domain", "{6BA218B8-9F02-4D98-BFE1-FBB9BBFE28D0}"
EndProject
Project("{2150E333-8FDC-42A3-9474-1A3956D46DE8}") = "DataAccess", "DataAccess", "{AE9F6648-6660-43EA-851E-225AE415B02A}"
EndProject
Project("{FAE04EC0-301F-11D3-BF4B-00C04F79EFBC}") = "DataAccess.EF.Entities", "DataAccess.EF.Entities\DataAccess.EF.Entities.csproj", "{FA63E8D4-B9F7-4EA1-A361-C27092065636}"
EndProject
Project("{FAE04EC0-301F-11D3-BF4B-00C04F79EFBC}") = "Application.Web.UnitTests", "Application.Web.UnitTests\Application.Web.UnitTests.csproj", "{691FD5BF-9B48-4593-877C-8A236F2E2787}"
EndProject
Project("{FAE04EC0-301F-11D3-BF4B-00C04F79EFBC}") = "DataAccess.EF.Infrastructure.UnitTests", "DataAccess.EF.Infrastructure.UnitTests\DataAccess.EF.Infrastructure.UnitTests.csproj", "{71014EC6-4D8A-4E59-A1F1-FB3A7F4A645B}"
EndProject
Project("{FAE04EC0-301F-11D3-BF4B-00C04F79EFBC}") = "DomainServices.UnitTests", "DomainServices.UnitTests\DomainServices.UnitTests.csproj", "{763CB78A-756B-472D-B204-E94C3385B03B}"
EndProject
Project("{FAE04EC0-301F-11D3-BF4B-00C04F79EFBC}") = "DomainServices", "DomainServices\DomainServices.csproj", "{743480DD-33A8-4735-A82B-FB0195E48F02}"
EndProject
Project("{2150E333-8FDC-42A3-9474-1A3956D46DE8}") = "EmailService", "EmailService", "{D741D1E5-F244-4CC5-8B39-96153C2EBB12}"
EndProject
Project("{FAE04EC0-301F-11D3-BF4B-00C04F79EFBC}") = "EmailServiceWorkFLow", "EmailServiceWorkFLow\EmailServiceWorkFLow.csproj", "{CA5A7A59-1F2E-431D-880B-B688A0FE5D5A}"
EndProject
Project("{FAE04EC0-301F-11D3-BF4B-00C04F79EFBC}") = "DataAccess.EF.Repository", "DataAccess.EF.Repository\DataAccess.EF.Repository.csproj", "{6B3C2792-325B-4393-BC05-7DA6F5F591BE}"
EndProject
Global
	GlobalSection(SolutionConfigurationPlatforms) = preSolution
		Debug|Any CPU = Debug|Any CPU
		Release|Any CPU = Release|Any CPU
	EndGlobalSection
	GlobalSection(ProjectConfigurationPlatforms) = postSolution
		{23C2AE1C-78C1-43DC-BBFA-6CA90B8C9619}.Debug|Any CPU.ActiveCfg = Debug|Any CPU
		{23C2AE1C-78C1-43DC-BBFA-6CA90B8C9619}.Debug|Any CPU.Build.0 = Debug|Any CPU
		{23C2AE1C-78C1-43DC-BBFA-6CA90B8C9619}.Release|Any CPU.ActiveCfg = Release|Any CPU
		{23C2AE1C-78C1-43DC-BBFA-6CA90B8C9619}.Release|Any CPU.Build.0 = Release|Any CPU
		{096B6C5B-75A6-4BAC-9703-89EFC50EA3D9}.Debug|Any CPU.ActiveCfg = Debug|Any CPU
		{096B6C5B-75A6-4BAC-9703-89EFC50EA3D9}.Debug|Any CPU.Build.0 = Debug|Any CPU
		{096B6C5B-75A6-4BAC-9703-89EFC50EA3D9}.Release|Any CPU.ActiveCfg = Release|Any CPU
		{096B6C5B-75A6-4BAC-9703-89EFC50EA3D9}.Release|Any CPU.Build.0 = Release|Any CPU
		{C0D56BB2-3C63-4AB2-BE9F-3023A9F89E73}.Debug|Any CPU.ActiveCfg = Debug|Any CPU
		{C0D56BB2-3C63-4AB2-BE9F-3023A9F89E73}.Debug|Any CPU.Build.0 = Debug|Any CPU
		{C0D56BB2-3C63-4AB2-BE9F-3023A9F89E73}.Release|Any CPU.ActiveCfg = Release|Any CPU
		{C0D56BB2-3C63-4AB2-BE9F-3023A9F89E73}.Release|Any CPU.Build.0 = Release|Any CPU
		{C0D56BB2-3C63-4AB2-BE9F-3023A9F89E73}.Release|Any CPU.Deploy.0 = Release|Any CPU
		{FA63E8D4-B9F7-4EA1-A361-C27092065636}.Debug|Any CPU.ActiveCfg = Debug|Any CPU
		{FA63E8D4-B9F7-4EA1-A361-C27092065636}.Debug|Any CPU.Build.0 = Debug|Any CPU
		{FA63E8D4-B9F7-4EA1-A361-C27092065636}.Release|Any CPU.ActiveCfg = Release|Any CPU
		{FA63E8D4-B9F7-4EA1-A361-C27092065636}.Release|Any CPU.Build.0 = Release|Any CPU
		{691FD5BF-9B48-4593-877C-8A236F2E2787}.Debug|Any CPU.ActiveCfg = Debug|Any CPU
		{691FD5BF-9B48-4593-877C-8A236F2E2787}.Debug|Any CPU.Build.0 = Debug|Any CPU
		{691FD5BF-9B48-4593-877C-8A236F2E2787}.Release|Any CPU.ActiveCfg = Release|Any CPU
		{691FD5BF-9B48-4593-877C-8A236F2E2787}.Release|Any CPU.Build.0 = Release|Any CPU
		{71014EC6-4D8A-4E59-A1F1-FB3A7F4A645B}.Debug|Any CPU.ActiveCfg = Debug|Any CPU
		{71014EC6-4D8A-4E59-A1F1-FB3A7F4A645B}.Debug|Any CPU.Build.0 = Debug|Any CPU
		{71014EC6-4D8A-4E59-A1F1-FB3A7F4A645B}.Release|Any CPU.ActiveCfg = Release|Any CPU
		{71014EC6-4D8A-4E59-A1F1-FB3A7F4A645B}.Release|Any CPU.Build.0 = Release|Any CPU
		{763CB78A-756B-472D-B204-E94C3385B03B}.Debug|Any CPU.ActiveCfg = Debug|Any CPU
		{763CB78A-756B-472D-B204-E94C3385B03B}.Debug|Any CPU.Build.0 = Debug|Any CPU
		{763CB78A-756B-472D-B204-E94C3385B03B}.Release|Any CPU.ActiveCfg = Release|Any CPU
		{763CB78A-756B-472D-B204-E94C3385B03B}.Release|Any CPU.Build.0 = Release|Any CPU
		{743480DD-33A8-4735-A82B-FB0195E48F02}.Debug|Any CPU.ActiveCfg = Debug|Any CPU
		{743480DD-33A8-4735-A82B-FB0195E48F02}.Debug|Any CPU.Build.0 = Debug|Any CPU
		{743480DD-33A8-4735-A82B-FB0195E48F02}.Release|Any CPU.ActiveCfg = Release|Any CPU
		{743480DD-33A8-4735-A82B-FB0195E48F02}.Release|Any CPU.Build.0 = Release|Any CPU
		{CA5A7A59-1F2E-431D-880B-B688A0FE5D5A}.Debug|Any CPU.ActiveCfg = Debug|Any CPU
		{CA5A7A59-1F2E-431D-880B-B688A0FE5D5A}.Debug|Any CPU.Build.0 = Debug|Any CPU
		{CA5A7A59-1F2E-431D-880B-B688A0FE5D5A}.Release|Any CPU.ActiveCfg = Release|Any CPU
		{CA5A7A59-1F2E-431D-880B-B688A0FE5D5A}.Release|Any CPU.Build.0 = Release|Any CPU
		{6B3C2792-325B-4393-BC05-7DA6F5F591BE}.Debug|Any CPU.ActiveCfg = Debug|Any CPU
		{6B3C2792-325B-4393-BC05-7DA6F5F591BE}.Debug|Any CPU.Build.0 = Debug|Any CPU
		{6B3C2792-325B-4393-BC05-7DA6F5F591BE}.Release|Any CPU.ActiveCfg = Release|Any CPU
		{6B3C2792-325B-4393-BC05-7DA6F5F591BE}.Release|Any CPU.Build.0 = Release|Any CPU
	EndGlobalSection
	GlobalSection(SolutionProperties) = preSolution
		HideSolutionNode = FALSE
	EndGlobalSection
	GlobalSection(NestedProjects) = preSolution
		{23C2AE1C-78C1-43DC-BBFA-6CA90B8C9619} = {37FEA09F-6DDA-4D90-A8CD-6353C6BB8C57}
		{096B6C5B-75A6-4BAC-9703-89EFC50EA3D9} = {0BD1E69D-3CC0-4401-8565-6362F037314E}
		{C0D56BB2-3C63-4AB2-BE9F-3023A9F89E73} = {0BD1E69D-3CC0-4401-8565-6362F037314E}
		{0263E9AB-F7C7-4043-80FB-CC385E304EF8} = {F210C0E4-4C1D-473A-A32B-2012D76912D6}
		{6BA218B8-9F02-4D98-BFE1-FBB9BBFE28D0} = {F210C0E4-4C1D-473A-A32B-2012D76912D6}
		{AE9F6648-6660-43EA-851E-225AE415B02A} = {F210C0E4-4C1D-473A-A32B-2012D76912D6}
		{FA63E8D4-B9F7-4EA1-A361-C27092065636} = {0BD1E69D-3CC0-4401-8565-6362F037314E}
		{691FD5BF-9B48-4593-877C-8A236F2E2787} = {0263E9AB-F7C7-4043-80FB-CC385E304EF8}
		{71014EC6-4D8A-4E59-A1F1-FB3A7F4A645B} = {AE9F6648-6660-43EA-851E-225AE415B02A}
		{763CB78A-756B-472D-B204-E94C3385B03B} = {6BA218B8-9F02-4D98-BFE1-FBB9BBFE28D0}
		{743480DD-33A8-4735-A82B-FB0195E48F02} = {145FFACA-89F3-4CDC-A5CA-23C1364B52C6}
		{CA5A7A59-1F2E-431D-880B-B688A0FE5D5A} = {D741D1E5-F244-4CC5-8B39-96153C2EBB12}
		{6B3C2792-325B-4393-BC05-7DA6F5F591BE} = {0BD1E69D-3CC0-4401-8565-6362F037314E}
	EndGlobalSection
EndGlobal
